
Microsoft Visual Studio Solution File, Format Version 12.00
# Visual Studio 15
VisualStudioVersion = 15.0.28010.2048
MinimumVisualStudioVersion = 10.0.40219.1
Project("{FAE04EC0-301F-11D3-BF4B-00C04F79EFBC}") = "Login", "Login\Login.csproj", "{809FDDE2-1ABB-4FF4-A223-716E7C4B5300}"
EndProject
Global
	GlobalSection(SolutionConfigurationPlatforms) = preSolution
		Debug|Any CPU = Debug|Any CPU
		Release|Any CPU = Release|Any CPU
	EndGlobalSection
	GlobalSection(ProjectConfigurationPlatforms) = postSolution
		{809FDDE2-1ABB-4FF4-A223-716E7C4B5300}.Debug|Any CPU.ActiveCfg = Debug|Any CPU
		{809FDDE2-1ABB-4FF4-A223-716E7C4B5300}.Debug|Any CPU.Build.0 = Debug|Any CPU
		{809FDDE2-1ABB-4FF4-A223-716E7C4B5300}.Release|Any CPU.ActiveCfg = Release|Any CPU
		{809FDDE2-1ABB-4FF4-A223-716E7C4B5300}.Release|Any CPU.Build.0 = Release|Any CPU
	EndGlobalSection
	GlobalSection(SolutionProperties) = preSolution
		HideSolutionNode = FALSE
	EndGlobalSection
	GlobalSection(ExtensibilityGlobals) = postSolution
		SolutionGuid = {BEABCD1C-7821-4B0A-802E-4AE8AE688277}
	EndGlobalSection
EndGlobal
